# THIS IS AN AUTOGENERATED FILE. DO NOT EDIT THIS FILE DIRECTLY.
# yarn lockfile v1


"@bufbuild/buf-darwin-arm64@1.21.0-1":
  version "1.21.0-1"
  resolved "https://registry.yarnpkg.com/@bufbuild/buf-darwin-arm64/-/buf-darwin-arm64-1.21.0-1.tgz#2b3fba70a2d705368ceeefd1774cc72614e61bb2"
  integrity sha512-/JTmxQIIElZLPYMd7hPmglRMBUnhUYaeZvkAoHXKiLF9JJ2G6LNL0XTzM88lqwdqU4mc53VMZz3heSlmK3gpcA==

"@bufbuild/buf-darwin-x64@1.21.0-1":
  version "1.21.0-1"
  resolved "https://registry.yarnpkg.com/@bufbuild/buf-darwin-x64/-/buf-darwin-x64-1.21.0-1.tgz#0de81d6ff971b2f4f6575ba887132d0418036736"
  integrity sha512-lyQ+qret2es8Vt7GEUZ1KmF1ke5/lTQmhJMQFdCLGCPrJunEmpcAZvBKHVpaxvtspv6JdYdGI2nD2LYb3Qv41A==

"@bufbuild/buf-linux-aarch64@1.21.0-1":
  version "1.21.0-1"
  resolved "https://registry.yarnpkg.com/@bufbuild/buf-linux-aarch64/-/buf-linux-aarch64-1.21.0-1.tgz#7c398d2b41d37ccc96a32a2e3eace209c2878eda"
  integrity sha512-0ERNu3FHpqf4xKNtqGPUPXsGP3QGcnQfwnsqIMQOUMQ9YOUIHwk+wp2OyebwGOhyGfZe37s0Ji1ed4pbsXAgWg==

"@bufbuild/buf-linux-x64@1.21.0-1":
  version "1.21.0-1"
  resolved "https://registry.yarnpkg.com/@bufbuild/buf-linux-x64/-/buf-linux-x64-1.21.0-1.tgz#5461b3d5d1718319b76c25cafe97b1705a5e6749"
  integrity sha512-x8CzB1Ta3XvyOVmBh6TyVLPOIoFsxtdVJQStpmXrxRj7bFLwR9MbZLL/Mq0ypoXS90LVi+EKk1dXjGXMcUaR7A==

"@bufbuild/buf-win32-arm64@1.21.0-1":
  version "1.21.0-1"
  resolved "https://registry.yarnpkg.com/@bufbuild/buf-win32-arm64/-/buf-win32-arm64-1.21.0-1.tgz#a07845ab362c783c464a2de07ec11c76d7deecf5"
  integrity sha512-41tllK/+Yv+ivRavB+5op37cQV2QFkT3m18jgfO27QtO1WIajLjOcl3sevP19xAib+eEF9Y/SP3c3m1qBS0/XQ==

"@bufbuild/buf-win32-x64@1.21.0-1":
  version "1.21.0-1"
  resolved "https://registry.yarnpkg.com/@bufbuild/buf-win32-x64/-/buf-win32-x64-1.21.0-1.tgz#f604d98f0f3db78175bfbf968da494116f6ffa1f"
  integrity sha512-cA0f3Bnv3m4ciirtg1uUeF0kq6HBS0ZxY4uNDAW+E7V6xvVSQpjMO+d0Jr9wp7XNhdLmjd1q+u+pnA/L9H1/1A==

"@bufbuild/buf@^1.21.0-1":
  version "1.21.0-1"
  resolved "https://registry.yarnpkg.com/@bufbuild/buf/-/buf-1.21.0-1.tgz#97df7b3a10f6432f05332676549ae965cab5974a"
  integrity sha512-WPO0dAc3eUr1gsaB0s9MdMrlqFVg8O8peMulSt7j2akPycI9CSHao0JD4qiM89+2xnexgEJ0iZeCHl8QchIQNQ==
  optionalDependencies:
    "@bufbuild/buf-darwin-arm64" "1.21.0-1"
    "@bufbuild/buf-darwin-x64" "1.21.0-1"
    "@bufbuild/buf-linux-aarch64" "1.21.0-1"
    "@bufbuild/buf-linux-x64" "1.21.0-1"
    "@bufbuild/buf-win32-arm64" "1.21.0-1"
    "@bufbuild/buf-win32-x64" "1.21.0-1"

"@bufbuild/protobuf@0.3.0", "@bufbuild/protobuf@^0.3.0":
  version "0.3.0"
  resolved "https://registry.yarnpkg.com/@bufbuild/protobuf/-/protobuf-0.3.0.tgz#ef7535d4915a6fb2d96c690164d7b9c3ca761d4c"
  integrity sha512-+s4GgUc+hW4czQVtTG8axIMNwBpaStkRoxocVgJjbn1mfIcng4csyp/arX9CP9bYZmyyCysx+S3sBqGQhMQybw==

"@bufbuild/protobuf@1.2.1", "@bufbuild/protobuf@^1.2.1":
  version "1.2.1"
  resolved "https://registry.yarnpkg.com/@bufbuild/protobuf/-/protobuf-1.2.1.tgz#f8b1fbbe79726a4eafa9772ddde147b57f85d177"
  integrity sha512-cwwGvLGqvoaOZmoP5+i4v/rbW+rHkguvTehuZyM2p/xpmaNSdT2h3B7kHw33aiffv35t1XrYHIkdJSEkSEMJuA==

"@bufbuild/protoc-gen-es@^1.2.1":
  version "1.2.1"
  resolved "https://registry.yarnpkg.com/@bufbuild/protoc-gen-es/-/protoc-gen-es-1.2.1.tgz#0eeee9175579e36e2c60755690d8ecd19a7bcade"
  integrity sha512-Nfg4ZTYciAgzqrbuGtRHR2TV4tueP10cRSD/joe57EeT0hfiXT0oQzH4OO3CzqqZvMxfkxpO4jgJgtwdQd941g==
  dependencies:
    "@bufbuild/protoplugin" "1.2.1"

"@bufbuild/protoplugin@1.2.1", "@bufbuild/protoplugin@^1.2.1":
  version "1.2.1"
  resolved "https://registry.yarnpkg.com/@bufbuild/protoplugin/-/protoplugin-1.2.1.tgz#bdac5dba4e3397178ae2b2db304e9dc04c4ef964"
  integrity sha512-7VtPgJGXcOszidMpQRQK9wm8QlKqC80Uc5XR9+Ej+DN4Ur64dAW1djZ7kLZ3ij6Z9IY4FteGQT+ubUNxzcW2NA==
  dependencies:
    "@bufbuild/protobuf" "1.2.1"
    "@typescript/vfs" "^1.4.0"
    typescript "4.5.2"

"@bufbuild/protoplugin@^0.3.0":
  version "0.3.0"
  resolved "https://registry.yarnpkg.com/@bufbuild/protoplugin/-/protoplugin-0.3.0.tgz#3ee28647f7901281672b31d572cd8f953894cb13"
  integrity sha512-L0Queku6AjZoY12tVbd4j+utT51vq/rBfNJhqiv2z+CfIBdZ3NWeU7FP4z1U3wqAsUp+Mb17jifMWFHv5W6tLQ==
  dependencies:
    "@bufbuild/protobuf" "0.3.0"
    "@typescript/vfs" "^1.4.0"
    typescript "4.5.2"

"@types/axios@^0.14.0":
  version "0.14.0"
  resolved "https://registry.yarnpkg.com/@types/axios/-/axios-0.14.0.tgz#ec2300fbe7d7dddd7eb9d3abf87999964cafce46"
  integrity sha512-KqQnQbdYE54D7oa/UmYVMZKq7CO4l8DEENzOKc4aBRwxCXSlJXGz83flFx5L7AWrOQnmuN3kVsRdt+GZPPjiVQ==
  dependencies:
    axios "*"

"@typescript/vfs@^1.4.0":
  version "1.4.0"
  resolved "https://registry.yarnpkg.com/@typescript/vfs/-/vfs-1.4.0.tgz#2d22985c7666c9d4ce26eb025405e6f156aa32b0"
  integrity sha512-Pood7yv5YWMIX+yCHo176OnF8WUlKGImFG7XlsuH14Zb1YN5+dYD3uUtS7lqZtsH7tAveNUi2NzdpQCN0yRbaw==
  dependencies:
    debug "^4.1.1"

asynckit@^0.4.0:
  version "0.4.0"
  resolved "https://registry.yarnpkg.com/asynckit/-/asynckit-0.4.0.tgz#c79ed97f7f34cb8f2ba1bc9790bcc366474b4b79"
  integrity sha512-Oei9OH4tRh0YqU3GxhX79dM/mwVgvbZJaSNaRk+bshkj0S5cfHcgYakreBjrHwatXKbz+IoIdYLxrKim2MjW0Q==

axios@*, axios@^1.4.0:
  version "1.4.0"
  resolved "https://registry.yarnpkg.com/axios/-/axios-1.4.0.tgz#38a7bf1224cd308de271146038b551d725f0be1f"
  integrity sha512-S4XCWMEmzvo64T9GfvQDOXgYRDJ/wsSZc7Jvdgx5u1sd0JwsuPLqb3SYmusag+edF6ziyMensPVqLTSc1PiSEA==
  dependencies:
    follow-redirects "^1.15.0"
    form-data "^4.0.0"
    proxy-from-env "^1.1.0"

combined-stream@^1.0.8:
  version "1.0.8"
  resolved "https://registry.yarnpkg.com/combined-stream/-/combined-stream-1.0.8.tgz#c3d45a8b34fd730631a110a8a2520682b31d5a7f"
  integrity sha512-FQN4MRfuJeHf7cBbBMJFXhKSDq+2kAArBlmRBvcvFE5BB1HZKXtSFASDhdlz9zOYwxh8lDdnvmMOe/+5cdoEdg==
  dependencies:
    delayed-stream "~1.0.0"

debug@^4.1.1:
  version "4.3.4"
  resolved "https://registry.yarnpkg.com/debug/-/debug-4.3.4.tgz#1319f6579357f2338d3337d2cdd4914bb5dcc865"
  integrity sha512-PRWFHuSU3eDtQJPvnNY7Jcket1j0t5OuOsFzPPzsekD52Zl8qUfFIPEiswXqIvHWGVHOgX+7G/vCNNhehwxfkQ==
  dependencies:
    ms "2.1.2"

delayed-stream@~1.0.0:
  version "1.0.0"
  resolved "https://registry.yarnpkg.com/delayed-stream/-/delayed-stream-1.0.0.tgz#df3ae199acadfb7d440aaae0b29e2272b24ec619"
  integrity sha512-ZySD7Nf91aLB0RxL4KGrKHBXl7Eds1DAmEdcoVawXnLD7SDhpNgtuII2aAkg7a7QS41jxPSZ17p4VdGnMHk3MQ==

follow-redirects@^1.15.0:
  version "1.15.2"
  resolved "https://registry.yarnpkg.com/follow-redirects/-/follow-redirects-1.15.2.tgz#b460864144ba63f2681096f274c4e57026da2c13"
  integrity sha512-VQLG33o04KaQ8uYi2tVNbdrWp1QWxNNea+nmIB4EVM28v0hmP17z7aG1+wAkNzVq4KeXTq3221ye5qTJP91JwA==

form-data@^4.0.0:
  version "4.0.0"
  resolved "https://registry.yarnpkg.com/form-data/-/form-data-4.0.0.tgz#93919daeaf361ee529584b9b31664dc12c9fa452"
  integrity sha512-ETEklSGi5t0QMZuiXoA/Q6vcnxcLQP5vdugSpuAyi6SVGi2clPPp+xgEhuMaHC+zGgn31Kd235W35f7Hykkaww==
  dependencies:
    asynckit "^0.4.0"
    combined-stream "^1.0.8"
    mime-types "^2.1.12"

mime-db@1.52.0:
  version "1.52.0"
  resolved "https://registry.yarnpkg.com/mime-db/-/mime-db-1.52.0.tgz#bbabcdc02859f4987301c856e3387ce5ec43bf70"
  integrity sha512-sPU4uV7dYlvtWJxwwxHD0PuihVNiE7TyAbQ5SWxDCB9mUYvOgroQOwYQQOKPJ8CIbE+1ETVlOoK1UC2nU3gYvg==

mime-types@^2.1.12:
  version "2.1.35"
  resolved "https://registry.yarnpkg.com/mime-types/-/mime-types-2.1.35.tgz#381a871b62a734450660ae3deee44813f70d959a"
  integrity sha512-ZDY+bPm5zTTF+YpCrAU9nK0UgICYPT0QtT1NZWFv4s++TNkcgVaT0g6+4R2uI4MjQjzysHB1zxuWL50hzaeXiw==
  dependencies:
    mime-db "1.52.0"

ms@2.1.2:
  version "2.1.2"
  resolved "https://registry.yarnpkg.com/ms/-/ms-2.1.2.tgz#d09d1f357b443f493382a8eb3ccd183872ae6009"
  integrity sha512-sGkPx+VjMtmA6MX27oA4FBFELFCZZ4S4XqeGOXCv68tT+jb3vk/RyaKWP0PTKyWtmLSM0b+adUTEvbs1PEaH2w==

"protoc-gen-opni-services@file:./protoc-gen-opni-services":
  version "0.0.1"
  dependencies:
    "@bufbuild/protobuf" "^0.3.0"
    "@bufbuild/protoplugin" "^0.3.0"

proxy-from-env@^1.1.0:
  version "1.1.0"
  resolved "https://registry.yarnpkg.com/proxy-from-env/-/proxy-from-env-1.1.0.tgz#e102f16ca355424865755d2c9e8ea4f24d58c3e2"
  integrity sha512-D+zkORCbA9f1tdWRK0RaCR3GPv50cMxcrz4X8k5LTSUD1Dkw47mKJEZQNunItRTkWwgtaUSo1RVFRIG9ZXiFYg==

typescript@4.5.2:
  version "4.5.2"
  resolved "https://registry.yarnpkg.com/typescript/-/typescript-4.5.2.tgz#8ac1fba9f52256fdb06fb89e4122fa6a346c2998"
  integrity sha512-5BlMof9H1yGt0P8/WF+wPNw6GfctgGjXp5hkblpyT+8rkASSmkUKMXrxR0Xg8ThVCi/JnHQiKXeBaEwCeQwMFw==
